
Microsoft Visual Studio Solution File, Format Version 12.00
# Visual Studio Version 16
VisualStudioVersion = 16.0.31424.327
MinimumVisualStudioVersion = 10.0.40219.1
Project("{FAE04EC0-301F-11D3-BF4B-00C04F79EFBC}") = "WinFormAppCursus", "WinFormAppCursus\WinFormAppCursus.csproj", "{E83964DF-CD24-419C-B3FD-9E7A36475DE0}"
EndProject
Project("{FAE04EC0-301F-11D3-BF4B-00C04F79EFBC}") = "Opdracht2Forms", "Opdracht2Forms\Opdracht2Forms.csproj", "{81B739F2-58A3-4735-A3BD-3DD54239F289}"
EndProject
Project("{FAE04EC0-301F-11D3-BF4B-00C04F79EFBC}") = "OpdrachtButtons", "OpdrachtButtons\OpdrachtButtons.csproj", "{1A6F3264-A123-4533-933E-2445B7013BF7}"
EndProject
Project("{FAE04EC0-301F-11D3-BF4B-00C04F79EFBC}") = "OpdrachtTextBoxen", "OpdrachtTextBoxen\OpdrachtTextBoxen.csproj", "{488E6102-2745-4E85-A36A-CB170AF58B8B}"
EndProject
Project("{FAE04EC0-301F-11D3-BF4B-00C04F79EFBC}") = "Project fietscomptuer", "Project fietscomptuer\Project fietscomptuer.csproj", "{3F6E33C4-FD45-4052-A337-16FD506D5A26}"
EndProject
Project("{FAE04EC0-301F-11D3-BF4B-00C04F79EFBC}") = "KOFormulierenLabelsButtonsTextboxen", "KOFormulierenLabelsButtonsTextboxen\KOFormulierenLabelsButtonsTextboxen.csproj", "{27CE66D2-4C39-48F2-8852-9997FF0EFA66}"
EndProject
Project("{FAE04EC0-301F-11D3-BF4B-00C04F79EFBC}") = "OpdrachtTimerInterface", "OpdrachtTimerInterface\OpdrachtTimerInterface.csproj", "{3C2B5985-3B08-4046-8C72-2343C0BC428F}"
EndProject
Project("{FAE04EC0-301F-11D3-BF4B-00C04F79EFBC}") = "OpdrachtKeuzelijsten", "OpdrachtKeuzelijsten\OpdrachtKeuzelijsten.csproj", "{FF45B745-6899-4C26-886A-0B05341A4719}"
EndProject
Project("{FAE04EC0-301F-11D3-BF4B-00C04F79EFBC}") = "KOFormulierenTimersKeuzelijsten", "KOFormulierenTimersKeuzelijsten\KOFormulierenTimersKeuzelijsten.csproj", "{FAF85F2D-17F2-4B0D-805A-AA65CAF081F9}"
EndProject
Project("{FAE04EC0-301F-11D3-BF4B-00C04F79EFBC}") = "ExtraOefenen", "ExtraOefenen\ExtraOefenen.csproj", "{4325F7AD-32FD-4CE9-9AA1-B69C6455A9E6}"
EndProject
Project("{FAE04EC0-301F-11D3-BF4B-00C04F79EFBC}") = "GO6ICTStartProgramma", "GO6ICTStartProgramma\GO6ICTStartProgramma\GO6ICTStartProgramma.csproj", "{9BD14024-3564-4775-874E-924AF162474E}"
EndProject
Project("{FAE04EC0-301F-11D3-BF4B-00C04F79EFBC}") = "Opdracht bluetooth", "Opdracht bluetooth\Opdracht bluetooth.csproj", "{0F855EC3-4088-4AD6-B10E-1F1983472B03}"
EndProject
Project("{FAE04EC0-301F-11D3-BF4B-00C04F79EFBC}") = "WinFormsAppTCPIPServer", "WinFormsAppTCPIPServer\WinFormsAppTCPIPServer.csproj", "{E986EBCD-81CE-4BFF-A636-315F4C35B562}"
EndProject
Project("{FAE04EC0-301F-11D3-BF4B-00C04F79EFBC}") = "WinFormsAppTCPIPClient", "WinFormsAppTCPIPClient\WinFormsAppTCPIPClient\WinFormsAppTCPIPClient.csproj", "{C1645AA4-2BD7-413D-94ED-AB504482883E}"
EndProject
Project("{FAE04EC0-301F-11D3-BF4B-00C04F79EFBC}") = "WinAppMediaPlayerVersie2", "WinAppMediaPlayerVersie2\WinAppMediaPlayerVersie2.csproj", "{2B2C6BB9-70AC-4778-B67B-C53FB6C7468E}"
EndProject
Project("{FAE04EC0-301F-11D3-BF4B-00C04F79EFBC}") = "WinAppMediaPlayerClientVersie2", "WinAppMediaPlayerClientDeel2\WinAppMediaPlayerClientVersie2.csproj", "{0B44FCDB-FE95-453A-8A4C-C4BA95568985}"
EndProject
Project("{FAE04EC0-301F-11D3-BF4B-00C04F79EFBC}") = "WinAppMediaPlayerServerDeel2", "WinAppMediaPlayerServerDeel2\WinAppMediaPlayerServerDeel2.csproj", "{34516BEF-4334-49B9-969A-0F76A0E68C23}"
EndProject
Project("{FAE04EC0-301F-11D3-BF4B-00C04F79EFBC}") = "WinFormsAppPersoneelDBVoorbeeld", "WinFormsAppPersoneelDBVoorbeeld\WinFormsAppPersoneelDBVoorbeeld.csproj", "{30B8C289-82A9-4947-862C-5195AD84977A}"
EndProject
Project("{FAE04EC0-301F-11D3-BF4B-00C04F79EFBC}") = "ExamenPasen", "ExamenPasen\ExamenPasen.csproj", "{13E2EB08-1A01-4859-9AD6-9353471865B9}"
EndProject
Global
	GlobalSection(SolutionConfigurationPlatforms) = preSolution
		Debug|Any CPU = Debug|Any CPU
		Debug|x86 = Debug|x86
		Release|Any CPU = Release|Any CPU
		Release|x86 = Release|x86
	EndGlobalSection
	GlobalSection(ProjectConfigurationPlatforms) = postSolution
		{E83964DF-CD24-419C-B3FD-9E7A36475DE0}.Debug|Any CPU.ActiveCfg = Debug|Any CPU
		{E83964DF-CD24-419C-B3FD-9E7A36475DE0}.Debug|Any CPU.Build.0 = Debug|Any CPU
		{E83964DF-CD24-419C-B3FD-9E7A36475DE0}.Debug|x86.ActiveCfg = Debug|Any CPU
		{E83964DF-CD24-419C-B3FD-9E7A36475DE0}.Debug|x86.Build.0 = Debug|Any CPU
		{E83964DF-CD24-419C-B3FD-9E7A36475DE0}.Release|Any CPU.ActiveCfg = Release|Any CPU
		{E83964DF-CD24-419C-B3FD-9E7A36475DE0}.Release|Any CPU.Build.0 = Release|Any CPU
		{E83964DF-CD24-419C-B3FD-9E7A36475DE0}.Release|x86.ActiveCfg = Release|Any CPU
		{E83964DF-CD24-419C-B3FD-9E7A36475DE0}.Release|x86.Build.0 = Release|Any CPU
		{81B739F2-58A3-4735-A3BD-3DD54239F289}.Debug|Any CPU.ActiveCfg = Debug|Any CPU
		{81B739F2-58A3-4735-A3BD-3DD54239F289}.Debug|Any CPU.Build.0 = Debug|Any CPU
		{81B739F2-58A3-4735-A3BD-3DD54239F289}.Debug|x86.ActiveCfg = Debug|Any CPU
		{81B739F2-58A3-4735-A3BD-3DD54239F289}.Debug|x86.Build.0 = Debug|Any CPU
		{81B739F2-58A3-4735-A3BD-3DD54239F289}.Release|Any CPU.ActiveCfg = Release|Any CPU
		{81B739F2-58A3-4735-A3BD-3DD54239F289}.Release|Any CPU.Build.0 = Release|Any CPU
		{81B739F2-58A3-4735-A3BD-3DD54239F289}.Release|x86.ActiveCfg = Release|Any CPU
		{81B739F2-58A3-4735-A3BD-3DD54239F289}.Release|x86.Build.0 = Release|Any CPU
		{1A6F3264-A123-4533-933E-2445B7013BF7}.Debug|Any CPU.ActiveCfg = Debug|Any CPU
		{1A6F3264-A123-4533-933E-2445B7013BF7}.Debug|Any CPU.Build.0 = Debug|Any CPU
		{1A6F3264-A123-4533-933E-2445B7013BF7}.Debug|x86.ActiveCfg = Debug|Any CPU
		{1A6F3264-A123-4533-933E-2445B7013BF7}.Debug|x86.Build.0 = Debug|Any CPU
		{1A6F3264-A123-4533-933E-2445B7013BF7}.Release|Any CPU.ActiveCfg = Release|Any CPU
		{1A6F3264-A123-4533-933E-2445B7013BF7}.Release|Any CPU.Build.0 = Release|Any CPU
		{1A6F3264-A123-4533-933E-2445B7013BF7}.Release|x86.ActiveCfg = Release|Any CPU
		{1A6F3264-A123-4533-933E-2445B7013BF7}.Release|x86.Build.0 = Release|Any CPU
		{488E6102-2745-4E85-A36A-CB170AF58B8B}.Debug|Any CPU.ActiveCfg = Debug|Any CPU
		{488E6102-2745-4E85-A36A-CB170AF58B8B}.Debug|Any CPU.Build.0 = Debug|Any CPU
		{488E6102-2745-4E85-A36A-CB170AF58B8B}.Debug|x86.ActiveCfg = Debug|Any CPU
		{488E6102-2745-4E85-A36A-CB170AF58B8B}.Debug|x86.Build.0 = Debug|Any CPU
		{488E6102-2745-4E85-A36A-CB170AF58B8B}.Release|Any CPU.ActiveCfg = Release|Any CPU
		{488E6102-2745-4E85-A36A-CB170AF58B8B}.Release|Any CPU.Build.0 = Release|Any CPU
		{488E6102-2745-4E85-A36A-CB170AF58B8B}.Release|x86.ActiveCfg = Release|Any CPU
		{488E6102-2745-4E85-A36A-CB170AF58B8B}.Release|x86.Build.0 = Release|Any CPU
		{3F6E33C4-FD45-4052-A337-16FD506D5A26}.Debug|Any CPU.ActiveCfg = Debug|Any CPU
		{3F6E33C4-FD45-4052-A337-16FD506D5A26}.Debug|Any CPU.Build.0 = Debug|Any CPU
		{3F6E33C4-FD45-4052-A337-16FD506D5A26}.Debug|x86.ActiveCfg = Debug|Any CPU
		{3F6E33C4-FD45-4052-A337-16FD506D5A26}.Debug|x86.Build.0 = Debug|Any CPU
		{3F6E33C4-FD45-4052-A337-16FD506D5A26}.Release|Any CPU.ActiveCfg = Release|Any CPU
		{3F6E33C4-FD45-4052-A337-16FD506D5A26}.Release|Any CPU.Build.0 = Release|Any CPU
		{3F6E33C4-FD45-4052-A337-16FD506D5A26}.Release|x86.ActiveCfg = Release|Any CPU
		{3F6E33C4-FD45-4052-A337-16FD506D5A26}.Release|x86.Build.0 = Release|Any CPU
		{27CE66D2-4C39-48F2-8852-9997FF0EFA66}.Debug|Any CPU.ActiveCfg = Debug|Any CPU
		{27CE66D2-4C39-48F2-8852-9997FF0EFA66}.Debug|Any CPU.Build.0 = Debug|Any CPU
		{27CE66D2-4C39-48F2-8852-9997FF0EFA66}.Debug|x86.ActiveCfg = Debug|Any CPU
		{27CE66D2-4C39-48F2-8852-9997FF0EFA66}.Debug|x86.Build.0 = Debug|Any CPU
		{27CE66D2-4C39-48F2-8852-9997FF0EFA66}.Release|Any CPU.ActiveCfg = Release|Any CPU
		{27CE66D2-4C39-48F2-8852-9997FF0EFA66}.Release|Any CPU.Build.0 = Release|Any CPU
		{27CE66D2-4C39-48F2-8852-9997FF0EFA66}.Release|x86.ActiveCfg = Release|Any CPU
		{27CE66D2-4C39-48F2-8852-9997FF0EFA66}.Release|x86.Build.0 = Release|Any CPU
		{3C2B5985-3B08-4046-8C72-2343C0BC428F}.Debug|Any CPU.ActiveCfg = Debug|Any CPU
		{3C2B5985-3B08-4046-8C72-2343C0BC428F}.Debug|Any CPU.Build.0 = Debug|Any CPU
		{3C2B5985-3B08-4046-8C72-2343C0BC428F}.Debug|x86.ActiveCfg = Debug|Any CPU
		{3C2B5985-3B08-4046-8C72-2343C0BC428F}.Debug|x86.Build.0 = Debug|Any CPU
		{3C2B5985-3B08-4046-8C72-2343C0BC428F}.Release|Any CPU.ActiveCfg = Release|Any CPU
		{3C2B5985-3B08-4046-8C72-2343C0BC428F}.Release|Any CPU.Build.0 = Release|Any CPU
		{3C2B5985-3B08-4046-8C72-2343C0BC428F}.Release|x86.ActiveCfg = Release|Any CPU
		{3C2B5985-3B08-4046-8C72-2343C0BC428F}.Release|x86.Build.0 = Release|Any CPU
		{FF45B745-6899-4C26-886A-0B05341A4719}.Debug|Any CPU.ActiveCfg = Debug|Any CPU
		{FF45B745-6899-4C26-886A-0B05341A4719}.Debug|Any CPU.Build.0 = Debug|Any CPU
		{FF45B745-6899-4C26-886A-0B05341A4719}.Debug|x86.ActiveCfg = Debug|Any CPU
		{FF45B745-6899-4C26-886A-0B05341A4719}.Debug|x86.Build.0 = Debug|Any CPU
		{FF45B745-6899-4C26-886A-0B05341A4719}.Release|Any CPU.ActiveCfg = Release|Any CPU
		{FF45B745-6899-4C26-886A-0B05341A4719}.Release|Any CPU.Build.0 = Release|Any CPU
		{FF45B745-6899-4C26-886A-0B05341A4719}.Release|x86.ActiveCfg = Release|Any CPU
		{FF45B745-6899-4C26-886A-0B05341A4719}.Release|x86.Build.0 = Release|Any CPU
		{FAF85F2D-17F2-4B0D-805A-AA65CAF081F9}.Debug|Any CPU.ActiveCfg = Debug|Any CPU
		{FAF85F2D-17F2-4B0D-805A-AA65CAF081F9}.Debug|Any CPU.Build.0 = Debug|Any CPU
		{FAF85F2D-17F2-4B0D-805A-AA65CAF081F9}.Debug|x86.ActiveCfg = Debug|Any CPU
		{FAF85F2D-17F2-4B0D-805A-AA65CAF081F9}.Debug|x86.Build.0 = Debug|Any CPU
		{FAF85F2D-17F2-4B0D-805A-AA65CAF081F9}.Release|Any CPU.ActiveCfg = Release|Any CPU
		{FAF85F2D-17F2-4B0D-805A-AA65CAF081F9}.Release|Any CPU.Build.0 = Release|Any CPU
		{FAF85F2D-17F2-4B0D-805A-AA65CAF081F9}.Release|x86.ActiveCfg = Release|Any CPU
		{FAF85F2D-17F2-4B0D-805A-AA65CAF081F9}.Release|x86.Build.0 = Release|Any CPU
		{4325F7AD-32FD-4CE9-9AA1-B69C6455A9E6}.Debug|Any CPU.ActiveCfg = Debug|Any CPU
		{4325F7AD-32FD-4CE9-9AA1-B69C6455A9E6}.Debug|Any CPU.Build.0 = Debug|Any CPU
		{4325F7AD-32FD-4CE9-9AA1-B69C6455A9E6}.Debug|x86.ActiveCfg = Debug|Any CPU
		{4325F7AD-32FD-4CE9-9AA1-B69C6455A9E6}.Debug|x86.Build.0 = Debug|Any CPU
		{4325F7AD-32FD-4CE9-9AA1-B69C6455A9E6}.Release|Any CPU.ActiveCfg = Release|Any CPU
		{4325F7AD-32FD-4CE9-9AA1-B69C6455A9E6}.Release|Any CPU.Build.0 = Release|Any CPU
		{4325F7AD-32FD-4CE9-9AA1-B69C6455A9E6}.Release|x86.ActiveCfg = Release|Any CPU
		{4325F7AD-32FD-4CE9-9AA1-B69C6455A9E6}.Release|x86.Build.0 = Release|Any CPU
		{9BD14024-3564-4775-874E-924AF162474E}.Debug|Any CPU.ActiveCfg = Debug|Any CPU
		{9BD14024-3564-4775-874E-924AF162474E}.Debug|Any CPU.Build.0 = Debug|Any CPU
		{9BD14024-3564-4775-874E-924AF162474E}.Debug|x86.ActiveCfg = Debug|Any CPU
		{9BD14024-3564-4775-874E-924AF162474E}.Debug|x86.Build.0 = Debug|Any CPU
		{9BD14024-3564-4775-874E-924AF162474E}.Release|Any CPU.ActiveCfg = Release|Any CPU
		{9BD14024-3564-4775-874E-924AF162474E}.Release|Any CPU.Build.0 = Release|Any CPU
		{9BD14024-3564-4775-874E-924AF162474E}.Release|x86.ActiveCfg = Release|Any CPU
		{9BD14024-3564-4775-874E-924AF162474E}.Release|x86.Build.0 = Release|Any CPU
		{0F855EC3-4088-4AD6-B10E-1F1983472B03}.Debug|Any CPU.ActiveCfg = Debug|Any CPU
		{0F855EC3-4088-4AD6-B10E-1F1983472B03}.Debug|Any CPU.Build.0 = Debug|Any CPU
		{0F855EC3-4088-4AD6-B10E-1F1983472B03}.Debug|x86.ActiveCfg = Debug|Any CPU
		{0F855EC3-4088-4AD6-B10E-1F1983472B03}.Debug|x86.Build.0 = Debug|Any CPU
		{0F855EC3-4088-4AD6-B10E-1F1983472B03}.Release|Any CPU.ActiveCfg = Release|Any CPU
		{0F855EC3-4088-4AD6-B10E-1F1983472B03}.Release|Any CPU.Build.0 = Release|Any CPU
		{0F855EC3-4088-4AD6-B10E-1F1983472B03}.Release|x86.ActiveCfg = Release|Any CPU
		{0F855EC3-4088-4AD6-B10E-1F1983472B03}.Release|x86.Build.0 = Release|Any CPU
		{E986EBCD-81CE-4BFF-A636-315F4C35B562}.Debug|Any CPU.ActiveCfg = Debug|Any CPU
		{E986EBCD-81CE-4BFF-A636-315F4C35B562}.Debug|Any CPU.Build.0 = Debug|Any CPU
		{E986EBCD-81CE-4BFF-A636-315F4C35B562}.Debug|x86.ActiveCfg = Debug|Any CPU
		{E986EBCD-81CE-4BFF-A636-315F4C35B562}.Debug|x86.Build.0 = Debug|Any CPU
		{E986EBCD-81CE-4BFF-A636-315F4C35B562}.Release|Any CPU.ActiveCfg = Release|Any CPU
		{E986EBCD-81CE-4BFF-A636-315F4C35B562}.Release|Any CPU.Build.0 = Release|Any CPU
		{E986EBCD-81CE-4BFF-A636-315F4C35B562}.Release|x86.ActiveCfg = Release|Any CPU
		{E986EBCD-81CE-4BFF-A636-315F4C35B562}.Release|x86.Build.0 = Release|Any CPU
		{C1645AA4-2BD7-413D-94ED-AB504482883E}.Debug|Any CPU.ActiveCfg = Debug|Any CPU
		{C1645AA4-2BD7-413D-94ED-AB504482883E}.Debug|Any CPU.Build.0 = Debug|Any CPU
		{C1645AA4-2BD7-413D-94ED-AB504482883E}.Debug|x86.ActiveCfg = Debug|Any CPU
		{C1645AA4-2BD7-413D-94ED-AB504482883E}.Debug|x86.Build.0 = Debug|Any CPU
		{C1645AA4-2BD7-413D-94ED-AB504482883E}.Release|Any CPU.ActiveCfg = Release|Any CPU
		{C1645AA4-2BD7-413D-94ED-AB504482883E}.Release|Any CPU.Build.0 = Release|Any CPU
		{C1645AA4-2BD7-413D-94ED-AB504482883E}.Release|x86.ActiveCfg = Release|Any CPU
		{C1645AA4-2BD7-413D-94ED-AB504482883E}.Release|x86.Build.0 = Release|Any CPU
		{2B2C6BB9-70AC-4778-B67B-C53FB6C7468E}.Debug|Any CPU.ActiveCfg = Debug|Any CPU
		{2B2C6BB9-70AC-4778-B67B-C53FB6C7468E}.Debug|Any CPU.Build.0 = Debug|Any CPU
		{2B2C6BB9-70AC-4778-B67B-C53FB6C7468E}.Debug|x86.ActiveCfg = Debug|Any CPU
		{2B2C6BB9-70AC-4778-B67B-C53FB6C7468E}.Debug|x86.Build.0 = Debug|Any CPU
		{2B2C6BB9-70AC-4778-B67B-C53FB6C7468E}.Release|Any CPU.ActiveCfg = Release|Any CPU
		{2B2C6BB9-70AC-4778-B67B-C53FB6C7468E}.Release|Any CPU.Build.0 = Release|Any CPU
		{2B2C6BB9-70AC-4778-B67B-C53FB6C7468E}.Release|x86.ActiveCfg = Release|Any CPU
		{2B2C6BB9-70AC-4778-B67B-C53FB6C7468E}.Release|x86.Build.0 = Release|Any CPU
		{0B44FCDB-FE95-453A-8A4C-C4BA95568985}.Debug|Any CPU.ActiveCfg = Debug|Any CPU
		{0B44FCDB-FE95-453A-8A4C-C4BA95568985}.Debug|Any CPU.Build.0 = Debug|Any CPU
		{0B44FCDB-FE95-453A-8A4C-C4BA95568985}.Debug|x86.ActiveCfg = Debug|Any CPU
		{0B44FCDB-FE95-453A-8A4C-C4BA95568985}.Debug|x86.Build.0 = Debug|Any CPU
		{0B44FCDB-FE95-453A-8A4C-C4BA95568985}.Release|Any CPU.ActiveCfg = Release|Any CPU
		{0B44FCDB-FE95-453A-8A4C-C4BA95568985}.Release|Any CPU.Build.0 = Release|Any CPU
		{0B44FCDB-FE95-453A-8A4C-C4BA95568985}.Release|x86.ActiveCfg = Release|Any CPU
		{0B44FCDB-FE95-453A-8A4C-C4BA95568985}.Release|x86.Build.0 = Release|Any CPU
		{34516BEF-4334-49B9-969A-0F76A0E68C23}.Debug|Any CPU.ActiveCfg = Debug|Any CPU
		{34516BEF-4334-49B9-969A-0F76A0E68C23}.Debug|Any CPU.Build.0 = Debug|Any CPU
		{34516BEF-4334-49B9-969A-0F76A0E68C23}.Debug|x86.ActiveCfg = Debug|Any CPU
		{34516BEF-4334-49B9-969A-0F76A0E68C23}.Debug|x86.Build.0 = Debug|Any CPU
		{34516BEF-4334-49B9-969A-0F76A0E68C23}.Release|Any CPU.ActiveCfg = Release|Any CPU
		{34516BEF-4334-49B9-969A-0F76A0E68C23}.Release|Any CPU.Build.0 = Release|Any CPU
		{34516BEF-4334-49B9-969A-0F76A0E68C23}.Release|x86.ActiveCfg = Release|Any CPU
		{34516BEF-4334-49B9-969A-0F76A0E68C23}.Release|x86.Build.0 = Release|Any CPU
		{30B8C289-82A9-4947-862C-5195AD84977A}.Debug|Any CPU.ActiveCfg = Debug|Any CPU
		{30B8C289-82A9-4947-862C-5195AD84977A}.Debug|Any CPU.Build.0 = Debug|Any CPU
		{30B8C289-82A9-4947-862C-5195AD84977A}.Debug|x86.ActiveCfg = Debug|Any CPU
		{30B8C289-82A9-4947-862C-5195AD84977A}.Debug|x86.Build.0 = Debug|Any CPU
		{30B8C289-82A9-4947-862C-5195AD84977A}.Release|Any CPU.ActiveCfg = Release|Any CPU
		{30B8C289-82A9-4947-862C-5195AD84977A}.Release|Any CPU.Build.0 = Release|Any CPU
		{30B8C289-82A9-4947-862C-5195AD84977A}.Release|x86.ActiveCfg = Release|Any CPU
		{30B8C289-82A9-4947-862C-5195AD84977A}.Release|x86.Build.0 = Release|Any CPU
		{13E2EB08-1A01-4859-9AD6-9353471865B9}.Debug|Any CPU.ActiveCfg = Debug|Any CPU
		{13E2EB08-1A01-4859-9AD6-9353471865B9}.Debug|Any CPU.Build.0 = Debug|Any CPU
		{13E2EB08-1A01-4859-9AD6-9353471865B9}.Debug|x86.ActiveCfg = Debug|Any CPU
		{13E2EB08-1A01-4859-9AD6-9353471865B9}.Debug|x86.Build.0 = Debug|Any CPU
		{13E2EB08-1A01-4859-9AD6-9353471865B9}.Release|Any CPU.ActiveCfg = Release|Any CPU
		{13E2EB08-1A01-4859-9AD6-9353471865B9}.Release|Any CPU.Build.0 = Release|Any CPU
		{13E2EB08-1A01-4859-9AD6-9353471865B9}.Release|x86.ActiveCfg = Release|Any CPU
		{13E2EB08-1A01-4859-9AD6-9353471865B9}.Release|x86.Build.0 = Release|Any CPU
	EndGlobalSection
	GlobalSection(SolutionProperties) = preSolution
		HideSolutionNode = FALSE
	EndGlobalSection
	GlobalSection(ExtensibilityGlobals) = postSolution
		SolutionGuid = {C4BA29F9-F130-48EE-88BE-A3DE5DD69F8F}
	EndGlobalSection
EndGlobal
