
Microsoft Visual Studio Solution File, Format Version 12.00
# Visual Studio Version 16
VisualStudioVersion = 16.0.31624.102
MinimumVisualStudioVersion = 10.0.40219.1
Project("{FAE04EC0-301F-11D3-BF4B-00C04F79EFBC}") = "OpdrachtTimerInterface", "OpdrachtTimerInterface.csproj", "{3C2B5985-3B08-4046-8C72-2343C0BC428F}"
EndProject
Global
	GlobalSection(SolutionConfigurationPlatforms) = preSolution
		Debug|Any CPU = Debug|Any CPU
		Release|Any CPU = Release|Any CPU
	EndGlobalSection
	GlobalSection(ProjectConfigurationPlatforms) = postSolution
		{3C2B5985-3B08-4046-8C72-2343C0BC428F}.Debug|Any CPU.ActiveCfg = Debug|Any CPU
		{3C2B5985-3B08-4046-8C72-2343C0BC428F}.Debug|Any CPU.Build.0 = Debug|Any CPU
		{3C2B5985-3B08-4046-8C72-2343C0BC428F}.Release|Any CPU.ActiveCfg = Release|Any CPU
		{3C2B5985-3B08-4046-8C72-2343C0BC428F}.Release|Any CPU.Build.0 = Release|Any CPU
	EndGlobalSection
	GlobalSection(SolutionProperties) = preSolution
		HideSolutionNode = FALSE
	EndGlobalSection
	GlobalSection(ExtensibilityGlobals) = postSolution
		SolutionGuid = {1AB9F5AE-02F7-4BE5-B315-E8A378E2B2EA}
	EndGlobalSection
EndGlobal
